
Microsoft Visual Studio Solution File, Format Version 12.00
# Visual Studio Version 17
VisualStudioVersion = 17.3.32929.385
MinimumVisualStudioVersion = 10.0.40219.1
Project("{FAE04EC0-301F-11D3-BF4B-00C04F79EFBC}") = "XenBot", "XenBot\XenBot.csproj", "{9B6A79FC-C369-4667-9587-F12FB570EC67}"
EndProject
Global
	GlobalSection(SolutionConfigurationPlatforms) = preSolution
		Debug|Any CPU = Debug|Any CPU
		Release|Any CPU = Release|Any CPU
	EndGlobalSection
	GlobalSection(ProjectConfigurationPlatforms) = postSolution
		{9B6A79FC-C369-4667-9587-F12FB570EC67}.Debug|Any CPU.ActiveCfg = Debug|Any CPU
		{9B6A79FC-C369-4667-9587-F12FB570EC67}.Debug|Any CPU.Build.0 = Debug|Any CPU
		{9B6A79FC-C369-4667-9587-F12FB570EC67}.Release|Any CPU.ActiveCfg = Release|Any CPU
		{9B6A79FC-C369-4667-9587-F12FB570EC67}.Release|Any CPU.Build.0 = Release|Any CPU
	EndGlobalSection
	GlobalSection(SolutionProperties) = preSolution
		HideSolutionNode = FALSE
	EndGlobalSection
	GlobalSection(ExtensibilityGlobals) = postSolution
		SolutionGuid = {8C7469BE-E185-4150-BD6C-38406F32794A}
	EndGlobalSection
EndGlobal
